// !$*UTF8*$!
{
	archiveVersion = 1;
	classes = {
	};
	objectVersion = 46;
	objects = {

/* Begin PBXBuildFile section */
		185931861D34D8E700F948D4 /* AuxiliaryModels.swift in Sources */ = {isa = PBXBuildFile; fileRef = 185931301D34D8E700F948D4 /* AuxiliaryModels.swift */; };
		185931871D34D8E700F948D4 /* CyclePictureCell.swift in Sources */ = {isa = PBXBuildFile; fileRef = 185931311D34D8E700F948D4 /* CyclePictureCell.swift */; };
		185931881D34D8E700F948D4 /* CyclePictureView.swift in Sources */ = {isa = PBXBuildFile; fileRef = 185931321D34D8E700F948D4 /* CyclePictureView.swift */; };
		185931891D34D8E700F948D4 /* DKColor.m in Sources */ = {isa = PBXBuildFile; fileRef = 185931361D34D8E700F948D4 /* DKColor.m */; };
		1859318A1D34D8E700F948D4 /* DKColorTable.m in Sources */ = {isa = PBXBuildFile; fileRef = 185931381D34D8E700F948D4 /* DKColorTable.m */; };
		1859318B1D34D8E700F948D4 /* DKImage.m in Sources */ = {isa = PBXBuildFile; fileRef = 1859313A1D34D8E700F948D4 /* DKImage.m */; };
		1859318C1D34D8E700F948D4 /* DKNightVersionManager.m in Sources */ = {isa = PBXBuildFile; fileRef = 1859313C1D34D8E700F948D4 /* DKNightVersionManager.m */; };
		1859318D1D34D8E700F948D4 /* NSObject+Night.m in Sources */ = {isa = PBXBuildFile; fileRef = 1859313E1D34D8E700F948D4 /* NSObject+Night.m */; };
		1859318E1D34D8E700F948D4 /* CALayer+Night.m in Sources */ = {isa = PBXBuildFile; fileRef = 185931411D34D8E700F948D4 /* CALayer+Night.m */; };
		1859318F1D34D8E700F948D4 /* UIButton+Night.m in Sources */ = {isa = PBXBuildFile; fileRef = 185931451D34D8E700F948D4 /* UIButton+Night.m */; };
		185931901D34D8E700F948D4 /* UIImageView+Night.m in Sources */ = {isa = PBXBuildFile; fileRef = 185931471D34D8E700F948D4 /* UIImageView+Night.m */; };
		185931911D34D8E700F948D4 /* UINavigationBar+Animation.m in Sources */ = {isa = PBXBuildFile; fileRef = 185931491D34D8E700F948D4 /* UINavigationBar+Animation.m */; };
		185931921D34D8E700F948D4 /* UIBarButtonItem+Night.m in Sources */ = {isa = PBXBuildFile; fileRef = 1859314C1D34D8E700F948D4 /* UIBarButtonItem+Night.m */; };
		185931931D34D8E700F948D4 /* UIControl+Night.m in Sources */ = {isa = PBXBuildFile; fileRef = 1859314E1D34D8E700F948D4 /* UIControl+Night.m */; };
		185931941D34D8E700F948D4 /* UILabel+Night.m in Sources */ = {isa = PBXBuildFile; fileRef = 185931501D34D8E700F948D4 /* UILabel+Night.m */; };
		185931951D34D8E700F948D4 /* UINavigationBar+Night.m in Sources */ = {isa = PBXBuildFile; fileRef = 185931521D34D8E700F948D4 /* UINavigationBar+Night.m */; };
		185931961D34D8E700F948D4 /* UIPageControl+Night.m in Sources */ = {isa = PBXBuildFile; fileRef = 185931541D34D8E700F948D4 /* UIPageControl+Night.m */; };
		185931971D34D8E700F948D4 /* UIProgressView+Night.m in Sources */ = {isa = PBXBuildFile; fileRef = 185931561D34D8E700F948D4 /* UIProgressView+Night.m */; };
		185931981D34D8E700F948D4 /* UISearchBar+Night.m in Sources */ = {isa = PBXBuildFile; fileRef = 185931581D34D8E700F948D4 /* UISearchBar+Night.m */; };
		185931991D34D8E700F948D4 /* UISlider+Night.m in Sources */ = {isa = PBXBuildFile; fileRef = 1859315A1D34D8E700F948D4 /* UISlider+Night.m */; };
		1859319A1D34D8E700F948D4 /* UISwitch+Night.m in Sources */ = {isa = PBXBuildFile; fileRef = 1859315C1D34D8E700F948D4 /* UISwitch+Night.m */; };
		1859319B1D34D8E700F948D4 /* UITabBar+Night.m in Sources */ = {isa = PBXBuildFile; fileRef = 1859315E1D34D8E700F948D4 /* UITabBar+Night.m */; };
		1859319C1D34D8E700F948D4 /* UITableView+Night.m in Sources */ = {isa = PBXBuildFile; fileRef = 185931601D34D8E700F948D4 /* UITableView+Night.m */; };
		1859319D1D34D8E700F948D4 /* UITextField+Night.m in Sources */ = {isa = PBXBuildFile; fileRef = 185931621D34D8E700F948D4 /* UITextField+Night.m */; };
		1859319E1D34D8E700F948D4 /* UITextView+Night.m in Sources */ = {isa = PBXBuildFile; fileRef = 185931641D34D8E700F948D4 /* UITextView+Night.m */; };
		1859319F1D34D8E700F948D4 /* UIToolBar+Night.m in Sources */ = {isa = PBXBuildFile; fileRef = 185931661D34D8E700F948D4 /* UIToolBar+Night.m */; };
		185931A01D34D8E700F948D4 /* UIView+Night.m in Sources */ = {isa = PBXBuildFile; fileRef = 185931681D34D8E700F948D4 /* UIView+Night.m */; };
		185931A11D34D8E700F948D4 /* GradientView.m in Sources */ = {isa = PBXBuildFile; fileRef = 1859316B1D34D8E700F948D4 /* GradientView.m */; };
		185931A21D34D8E700F948D4 /* ImageTextButton.m in Sources */ = {isa = PBXBuildFile; fileRef = 1859316E1D34D8E700F948D4 /* ImageTextButton.m */; };
		185931A31D34D8E700F948D4 /* JSAnimatedImagesView.m in Sources */ = {isa = PBXBuildFile; fileRef = 185931711D34D8E700F948D4 /* JSAnimatedImagesView.m */; };
		185931A41D34D8E700F948D4 /* MMDrawerBarButtonItem.m in Sources */ = {isa = PBXBuildFile; fileRef = 185931741D34D8E700F948D4 /* MMDrawerBarButtonItem.m */; };
		185931A51D34D8E700F948D4 /* MMDrawerController.m in Sources */ = {isa = PBXBuildFile; fileRef = 185931771D34D8E700F948D4 /* MMDrawerController.m */; };
		185931A61D34D8E700F948D4 /* MMDrawerVisualState.m in Sources */ = {isa = PBXBuildFile; fileRef = 185931791D34D8E700F948D4 /* MMDrawerVisualState.m */; };
		185931A71D34D8E700F948D4 /* UIViewController+MMDrawerController.m in Sources */ = {isa = PBXBuildFile; fileRef = 1859317B1D34D8E700F948D4 /* UIViewController+MMDrawerController.m */; };
		185931A81D34D8E700F948D4 /* MSWeakTimer.m in Sources */ = {isa = PBXBuildFile; fileRef = 1859317E1D34D8E700F948D4 /* MSWeakTimer.m */; };
		185931A91D34D8E700F948D4 /* CircleRefreshView.m in Sources */ = {isa = PBXBuildFile; fileRef = 185931811D34D8E700F948D4 /* CircleRefreshView.m */; };
		185931AA1D34D8E700F948D4 /* DetailFooterView.m in Sources */ = {isa = PBXBuildFile; fileRef = 185931831D34D8E700F948D4 /* DetailFooterView.m */; };
		185931AB1D34D8E700F948D4 /* DetailHeaderView.m in Sources */ = {isa = PBXBuildFile; fileRef = 185931851D34D8E700F948D4 /* DetailHeaderView.m */; };
		185931BD1D34DE4900F948D4 /* UIView+Extension.m in Sources */ = {isa = PBXBuildFile; fileRef = 185931B11D34DE4900F948D4 /* UIView+Extension.m */; };
		185931BE1D34DE4900F948D4 /* Foundation+Extend.swift in Sources */ = {isa = PBXBuildFile; fileRef = 185931B41D34DE4900F948D4 /* Foundation+Extend.swift */; };
		185931BF1D34DE4900F948D4 /* AppException.swift in Sources */ = {isa = PBXBuildFile; fileRef = 185931B61D34DE4900F948D4 /* AppException.swift */; };
		185931C01D34DE4900F948D4 /* NSURLSession+SynchronousTask.swift in Sources */ = {isa = PBXBuildFile; fileRef = 185931B71D34DE4900F948D4 /* NSURLSession+SynchronousTask.swift */; };
		185931C11D34DE4900F948D4 /* NavigationBarExtension.swift in Sources */ = {isa = PBXBuildFile; fileRef = 185931BA1D34DE4900F948D4 /* NavigationBarExtension.swift */; };
		185931C21D34DE4900F948D4 /* ZFNetworkTool.swift in Sources */ = {isa = PBXBuildFile; fileRef = 185931BC1D34DE4900F948D4 /* ZFNetworkTool.swift */; };
		18734A001D2F9FAC001A3E91 /* AppDelegate.swift in Sources */ = {isa = PBXBuildFile; fileRef = 187349FF1D2F9FAC001A3E91 /* AppDelegate.swift */; };
		18734A021D2F9FAC001A3E91 /* ViewController.swift in Sources */ = {isa = PBXBuildFile; fileRef = 18734A011D2F9FAC001A3E91 /* ViewController.swift */; };
		18734A051D2F9FAC001A3E91 /* Main.storyboard in Resources */ = {isa = PBXBuildFile; fileRef = 18734A031D2F9FAC001A3E91 /* Main.storyboard */; };
		18734A071D2F9FAC001A3E91 /* Assets.xcassets in Resources */ = {isa = PBXBuildFile; fileRef = 18734A061D2F9FAC001A3E91 /* Assets.xcassets */; };
		18734A0A1D2F9FAC001A3E91 /* LaunchScreen.storyboard in Resources */ = {isa = PBXBuildFile; fileRef = 18734A081D2F9FAC001A3E91 /* LaunchScreen.storyboard */; };
		18734A151D2F9FAC001A3E91 /* ZHTestTests.swift in Sources */ = {isa = PBXBuildFile; fileRef = 18734A141D2F9FAC001A3E91 /* ZHTestTests.swift */; };
		18734A201D2F9FAC001A3E91 /* ZHTestUITests.swift in Sources */ = {isa = PBXBuildFile; fileRef = 18734A1F1D2F9FAC001A3E91 /* ZHTestUITests.swift */; };
		1883B8CB1D33720800380D09 /* ZFBaseNavigationController.swift in Sources */ = {isa = PBXBuildFile; fileRef = 1883B8CA1D33720800380D09 /* ZFBaseNavigationController.swift */; };
		1883B8CD1D33722600380D09 /* ZFBaseViewController.swift in Sources */ = {isa = PBXBuildFile; fileRef = 1883B8CC1D33722600380D09 /* ZFBaseViewController.swift */; };
		1883B8D31D33733500380D09 /* ZFAPIConfig.swift in Sources */ = {isa = PBXBuildFile; fileRef = 1883B8D01D33733500380D09 /* ZFAPIConfig.swift */; };
		1883B8D41D33733500380D09 /* ZFAppConfig.swift in Sources */ = {isa = PBXBuildFile; fileRef = 1883B8D11D33733500380D09 /* ZFAppConfig.swift */; };
		1883B8D51D33733500380D09 /* ZFThemeConfig.swift in Sources */ = {isa = PBXBuildFile; fileRef = 1883B8D21D33733500380D09 /* ZFThemeConfig.swift */; };
		C282A1156106EF7838FE8015 /* Pods.framework in Frameworks */ = {isa = PBXBuildFile; fileRef = 9217FF6E163C31804BB4D1E2 /* Pods.framework */; };
/* End PBXBuildFile section */

/* Begin PBXContainerItemProxy section */
		18734A111D2F9FAC001A3E91 /* PBXContainerItemProxy */ = {
			isa = PBXContainerItemProxy;
			containerPortal = 187349F41D2F9FAB001A3E91 /* Project object */;
			proxyType = 1;
			remoteGlobalIDString = 187349FB1D2F9FAC001A3E91;
			remoteInfo = ZHTest;
		};
		18734A1C1D2F9FAC001A3E91 /* PBXContainerItemProxy */ = {
			isa = PBXContainerItemProxy;
			containerPortal = 187349F41D2F9FAB001A3E91 /* Project object */;
			proxyType = 1;
			remoteGlobalIDString = 187349FB1D2F9FAC001A3E91;
			remoteInfo = ZHTest;
		};
/* End PBXContainerItemProxy section */

/* Begin PBXFileReference section */
		185931301D34D8E700F948D4 /* AuxiliaryModels.swift */ = {isa = PBXFileReference; fileEncoding = 4; lastKnownFileType = sourcecode.swift; path = AuxiliaryModels.swift; sourceTree = "<group>"; };
		185931311D34D8E700F948D4 /* CyclePictureCell.swift */ = {isa = PBXFileReference; fileEncoding = 4; lastKnownFileType = sourcecode.swift; path = CyclePictureCell.swift; sourceTree = "<group>"; };
		185931321D34D8E700F948D4 /* CyclePictureView.swift */ = {isa = PBXFileReference; fileEncoding = 4; lastKnownFileType = sourcecode.swift; path = CyclePictureView.swift; sourceTree = "<group>"; };
		185931351D34D8E700F948D4 /* DKColor.h */ = {isa = PBXFileReference; fileEncoding = 4; lastKnownFileType = sourcecode.c.h; path = DKColor.h; sourceTree = "<group>"; };
		185931361D34D8E700F948D4 /* DKColor.m */ = {isa = PBXFileReference; fileEncoding = 4; lastKnownFileType = sourcecode.c.objc; path = DKColor.m; sourceTree = "<group>"; };
		185931371D34D8E700F948D4 /* DKColorTable.h */ = {isa = PBXFileReference; fileEncoding = 4; lastKnownFileType = sourcecode.c.h; path = DKColorTable.h; sourceTree = "<group>"; };
		185931381D34D8E700F948D4 /* DKColorTable.m */ = {isa = PBXFileReference; fileEncoding = 4; lastKnownFileType = sourcecode.c.objc; path = DKColorTable.m; sourceTree = "<group>"; };
		185931391D34D8E700F948D4 /* DKImage.h */ = {isa = PBXFileReference; fileEncoding = 4; lastKnownFileType = sourcecode.c.h; path = DKImage.h; sourceTree = "<group>"; };
		1859313A1D34D8E700F948D4 /* DKImage.m */ = {isa = PBXFileReference; fileEncoding = 4; lastKnownFileType = sourcecode.c.objc; path = DKImage.m; sourceTree = "<group>"; };
		1859313B1D34D8E700F948D4 /* DKNightVersionManager.h */ = {isa = PBXFileReference; fileEncoding = 4; lastKnownFileType = sourcecode.c.h; path = DKNightVersionManager.h; sourceTree = "<group>"; };
		1859313C1D34D8E700F948D4 /* DKNightVersionManager.m */ = {isa = PBXFileReference; fileEncoding = 4; lastKnownFileType = sourcecode.c.objc; path = DKNightVersionManager.m; sourceTree = "<group>"; };
		1859313D1D34D8E700F948D4 /* NSObject+Night.h */ = {isa = PBXFileReference; fileEncoding = 4; lastKnownFileType = sourcecode.c.h; path = "NSObject+Night.h"; sourceTree = "<group>"; };
		1859313E1D34D8E700F948D4 /* NSObject+Night.m */ = {isa = PBXFileReference; fileEncoding = 4; lastKnownFileType = sourcecode.c.objc; path = "NSObject+Night.m"; sourceTree = "<group>"; };
		185931401D34D8E700F948D4 /* CALayer+Night.h */ = {isa = PBXFileReference; fileEncoding = 4; lastKnownFileType = sourcecode.c.h; path = "CALayer+Night.h"; sourceTree = "<group>"; };
		185931411D34D8E700F948D4 /* CALayer+Night.m */ = {isa = PBXFileReference; fileEncoding = 4; lastKnownFileType = sourcecode.c.objc; path = "CALayer+Night.m"; sourceTree = "<group>"; };
		185931421D34D8E700F948D4 /* DKNightVersion.h */ = {isa = PBXFileReference; fileEncoding = 4; lastKnownFileType = sourcecode.c.h; path = DKNightVersion.h; sourceTree = "<group>"; };
		185931441D34D8E700F948D4 /* UIButton+Night.h */ = {isa = PBXFileReference; fileEncoding = 4; lastKnownFileType = sourcecode.c.h; path = "UIButton+Night.h"; sourceTree = "<group>"; };
		185931451D34D8E700F948D4 /* UIButton+Night.m */ = {isa = PBXFileReference; fileEncoding = 4; lastKnownFileType = sourcecode.c.objc; path = "UIButton+Night.m"; sourceTree = "<group>"; };
		185931461D34D8E700F948D4 /* UIImageView+Night.h */ = {isa = PBXFileReference; fileEncoding = 4; lastKnownFileType = sourcecode.c.h; path = "UIImageView+Night.h"; sourceTree = "<group>"; };
		185931471D34D8E700F948D4 /* UIImageView+Night.m */ = {isa = PBXFileReference; fileEncoding = 4; lastKnownFileType = sourcecode.c.objc; path = "UIImageView+Night.m"; sourceTree = "<group>"; };
		185931481D34D8E700F948D4 /* UINavigationBar+Animation.h */ = {isa = PBXFileReference; fileEncoding = 4; lastKnownFileType = sourcecode.c.h; path = "UINavigationBar+Animation.h"; sourceTree = "<group>"; };
		185931491D34D8E700F948D4 /* UINavigationBar+Animation.m */ = {isa = PBXFileReference; fileEncoding = 4; lastKnownFileType = sourcecode.c.objc; path = "UINavigationBar+Animation.m"; sourceTree = "<group>"; };
		1859314B1D34D8E700F948D4 /* UIBarButtonItem+Night.h */ = {isa = PBXFileReference; fileEncoding = 4; lastKnownFileType = sourcecode.c.h; path = "UIBarButtonItem+Night.h"; sourceTree = "<group>"; };
		1859314C1D34D8E700F948D4 /* UIBarButtonItem+Night.m */ = {isa = PBXFileReference; fileEncoding = 4; lastKnownFileType = sourcecode.c.objc; path = "UIBarButtonItem+Night.m"; sourceTree = "<group>"; };
		1859314D1D34D8E700F948D4 /* UIControl+Night.h */ = {isa = PBXFileReference; fileEncoding = 4; lastKnownFileType = sourcecode.c.h; path = "UIControl+Night.h"; sourceTree = "<group>"; };
		1859314E1D34D8E700F948D4 /* UIControl+Night.m */ = {isa = PBXFileReference; fileEncoding = 4; lastKnownFileType = sourcecode.c.objc; path = "UIControl+Night.m"; sourceTree = "<group>"; };
		1859314F1D34D8E700F948D4 /* UILabel+Night.h */ = {isa = PBXFileReference; fileEncoding = 4; lastKnownFileType = sourcecode.c.h; path = "UILabel+Night.h"; sourceTree = "<group>"; };
		185931501D34D8E700F948D4 /* UILabel+Night.m */ = {isa = PBXFileReference; fileEncoding = 4; lastKnownFileType = sourcecode.c.objc; path = "UILabel+Night.m"; sourceTree = "<group>"; };
		185931511D34D8E700F948D4 /* UINavigationBar+Night.h */ = {isa = PBXFileReference; fileEncoding = 4; lastKnownFileType = sourcecode.c.h; path = "UINavigationBar+Night.h"; sourceTree = "<group>"; };
		185931521D34D8E700F948D4 /* UINavigationBar+Night.m */ = {isa = PBXFileReference; fileEncoding = 4; lastKnownFileType = sourcecode.c.objc; path = "UINavigationBar+Night.m"; sourceTree = "<group>"; };
		185931531D34D8E700F948D4 /* UIPageControl+Night.h */ = {isa = PBXFileReference; fileEncoding = 4; lastKnownFileType = sourcecode.c.h; path = "UIPageControl+Night.h"; sourceTree = "<group>"; };
		185931541D34D8E700F948D4 /* UIPageControl+Night.m */ = {isa = PBXFileReference; fileEncoding = 4; lastKnownFileType = sourcecode.c.objc; path = "UIPageControl+Night.m"; sourceTree = "<group>"; };
		185931551D34D8E700F948D4 /* UIProgressView+Night.h */ = {isa = PBXFileReference; fileEncoding = 4; lastKnownFileType = sourcecode.c.h; path = "UIProgressView+Night.h"; sourceTree = "<group>"; };
		185931561D34D8E700F948D4 /* UIProgressView+Night.m */ = {isa = PBXFileReference; fileEncoding = 4; lastKnownFileType = sourcecode.c.objc; path = "UIProgressView+Night.m"; sourceTree = "<group>"; };
		185931571D34D8E700F948D4 /* UISearchBar+Night.h */ = {isa = PBXFileReference; fileEncoding = 4; lastKnownFileType = sourcecode.c.h; path = "UISearchBar+Night.h"; sourceTree = "<group>"; };
		185931581D34D8E700F948D4 /* UISearchBar+Night.m */ = {isa = PBXFileReference; fileEncoding = 4; lastKnownFileType = sourcecode.c.objc; path = "UISearchBar+Night.m"; sourceTree = "<group>"; };
		185931591D34D8E700F948D4 /* UISlider+Night.h */ = {isa = PBXFileReference; fileEncoding = 4; lastKnownFileType = sourcecode.c.h; path = "UISlider+Night.h"; sourceTree = "<group>"; };
		1859315A1D34D8E700F948D4 /* UISlider+Night.m */ = {isa = PBXFileReference; fileEncoding = 4; lastKnownFileType = sourcecode.c.objc; path = "UISlider+Night.m"; sourceTree = "<group>"; };
		1859315B1D34D8E700F948D4 /* UISwitch+Night.h */ = {isa = PBXFileReference; fileEncoding = 4; lastKnownFileType = sourcecode.c.h; path = "UISwitch+Night.h"; sourceTree = "<group>"; };
		1859315C1D34D8E700F948D4 /* UISwitch+Night.m */ = {isa = PBXFileReference; fileEncoding = 4; lastKnownFileType = sourcecode.c.objc; path = "UISwitch+Night.m"; sourceTree = "<group>"; };
		1859315D1D34D8E700F948D4 /* UITabBar+Night.h */ = {isa = PBXFileReference; fileEncoding = 4; lastKnownFileType = sourcecode.c.h; path = "UITabBar+Night.h"; sourceTree = "<group>"; };
		1859315E1D34D8E700F948D4 /* UITabBar+Night.m */ = {isa = PBXFileReference; fileEncoding = 4; lastKnownFileType = sourcecode.c.objc; path = "UITabBar+Night.m"; sourceTree = "<group>"; };
		1859315F1D34D8E700F948D4 /* UITableView+Night.h */ = {isa = PBXFileReference; fileEncoding = 4; lastKnownFileType = sourcecode.c.h; path = "UITableView+Night.h"; sourceTree = "<group>"; };
		185931601D34D8E700F948D4 /* UITableView+Night.m */ = {isa = PBXFileReference; fileEncoding = 4; lastKnownFileType = sourcecode.c.objc; path = "UITableView+Night.m"; sourceTree = "<group>"; };
		185931611D34D8E700F948D4 /* UITextField+Night.h */ = {isa = PBXFileReference; fileEncoding = 4; lastKnownFileType = sourcecode.c.h; path = "UITextField+Night.h"; sourceTree = "<group>"; };
		185931621D34D8E700F948D4 /* UITextField+Night.m */ = {isa = PBXFileReference; fileEncoding = 4; lastKnownFileType = sourcecode.c.objc; path = "UITextField+Night.m"; sourceTree = "<group>"; };
		185931631D34D8E700F948D4 /* UITextView+Night.h */ = {isa = PBXFileReference; fileEncoding = 4; lastKnownFileType = sourcecode.c.h; path = "UITextView+Night.h"; sourceTree = "<group>"; };
		185931641D34D8E700F948D4 /* UITextView+Night.m */ = {isa = PBXFileReference; fileEncoding = 4; lastKnownFileType = sourcecode.c.objc; path = "UITextView+Night.m"; sourceTree = "<group>"; };
		185931651D34D8E700F948D4 /* UIToolBar+Night.h */ = {isa = PBXFileReference; fileEncoding = 4; lastKnownFileType = sourcecode.c.h; path = "UIToolBar+Night.h"; sourceTree = "<group>"; };
		185931661D34D8E700F948D4 /* UIToolBar+Night.m */ = {isa = PBXFileReference; fileEncoding = 4; lastKnownFileType = sourcecode.c.objc; path = "UIToolBar+Night.m"; sourceTree = "<group>"; };
		185931671D34D8E700F948D4 /* UIView+Night.h */ = {isa = PBXFileReference; fileEncoding = 4; lastKnownFileType = sourcecode.c.h; path = "UIView+Night.h"; sourceTree = "<group>"; };
		185931681D34D8E700F948D4 /* UIView+Night.m */ = {isa = PBXFileReference; fileEncoding = 4; lastKnownFileType = sourcecode.c.objc; path = "UIView+Night.m"; sourceTree = "<group>"; };
		1859316A1D34D8E700F948D4 /* GradientView.h */ = {isa = PBXFileReference; fileEncoding = 4; lastKnownFileType = sourcecode.c.h; path = GradientView.h; sourceTree = "<group>"; };
		1859316B1D34D8E700F948D4 /* GradientView.m */ = {isa = PBXFileReference; fileEncoding = 4; lastKnownFileType = sourcecode.c.objc; path = GradientView.m; sourceTree = "<group>"; };
		1859316D1D34D8E700F948D4 /* ImageTextButton.h */ = {isa = PBXFileReference; fileEncoding = 4; lastKnownFileType = sourcecode.c.h; path = ImageTextButton.h; sourceTree = "<group>"; };
		1859316E1D34D8E700F948D4 /* ImageTextButton.m */ = {isa = PBXFileReference; fileEncoding = 4; lastKnownFileType = sourcecode.c.objc; path = ImageTextButton.m; sourceTree = "<group>"; };
		185931701D34D8E700F948D4 /* JSAnimatedImagesView.h */ = {isa = PBXFileReference; fileEncoding = 4; lastKnownFileType = sourcecode.c.h; path = JSAnimatedImagesView.h; sourceTree = "<group>"; };
		185931711D34D8E700F948D4 /* JSAnimatedImagesView.m */ = {isa = PBXFileReference; fileEncoding = 4; lastKnownFileType = sourcecode.c.objc; path = JSAnimatedImagesView.m; sourceTree = "<group>"; };
		185931731D34D8E700F948D4 /* MMDrawerBarButtonItem.h */ = {isa = PBXFileReference; fileEncoding = 4; lastKnownFileType = sourcecode.c.h; path = MMDrawerBarButtonItem.h; sourceTree = "<group>"; };
		185931741D34D8E700F948D4 /* MMDrawerBarButtonItem.m */ = {isa = PBXFileReference; fileEncoding = 4; lastKnownFileType = sourcecode.c.objc; path = MMDrawerBarButtonItem.m; sourceTree = "<group>"; };
		185931751D34D8E700F948D4 /* MMDrawerController+Subclass.h */ = {isa = PBXFileReference; fileEncoding = 4; lastKnownFileType = sourcecode.c.h; path = "MMDrawerController+Subclass.h"; sourceTree = "<group>"; };
		185931761D34D8E700F948D4 /* MMDrawerController.h */ = {isa = PBXFileReference; fileEncoding = 4; lastKnownFileType = sourcecode.c.h; path = MMDrawerController.h; sourceTree = "<group>"; };
		185931771D34D8E700F948D4 /* MMDrawerController.m */ = {isa = PBXFileReference; fileEncoding = 4; lastKnownFileType = sourcecode.c.objc; path = MMDrawerController.m; sourceTree = "<group>"; };
		185931781D34D8E700F948D4 /* MMDrawerVisualState.h */ = {isa = PBXFileReference; fileEncoding = 4; lastKnownFileType = sourcecode.c.h; path = MMDrawerVisualState.h; sourceTree = "<group>"; };
		185931791D34D8E700F948D4 /* MMDrawerVisualState.m */ = {isa = PBXFileReference; fileEncoding = 4; lastKnownFileType = sourcecode.c.objc; path = MMDrawerVisualState.m; sourceTree = "<group>"; };
		1859317A1D34D8E700F948D4 /* UIViewController+MMDrawerController.h */ = {isa = PBXFileReference; fileEncoding = 4; lastKnownFileType = sourcecode.c.h; path = "UIViewController+MMDrawerController.h"; sourceTree = "<group>"; };
		1859317B1D34D8E700F948D4 /* UIViewController+MMDrawerController.m */ = {isa = PBXFileReference; fileEncoding = 4; lastKnownFileType = sourcecode.c.objc; path = "UIViewController+MMDrawerController.m"; sourceTree = "<group>"; };
		1859317D1D34D8E700F948D4 /* MSWeakTimer.h */ = {isa = PBXFileReference; fileEncoding = 4; lastKnownFileType = sourcecode.c.h; path = MSWeakTimer.h; sourceTree = "<group>"; };
		1859317E1D34D8E700F948D4 /* MSWeakTimer.m */ = {isa = PBXFileReference; fileEncoding = 4; lastKnownFileType = sourcecode.c.objc; path = MSWeakTimer.m; sourceTree = "<group>"; };
		185931801D34D8E700F948D4 /* CircleRefreshView.h */ = {isa = PBXFileReference; fileEncoding = 4; lastKnownFileType = sourcecode.c.h; path = CircleRefreshView.h; sourceTree = "<group>"; };
		185931811D34D8E700F948D4 /* CircleRefreshView.m */ = {isa = PBXFileReference; fileEncoding = 4; lastKnownFileType = sourcecode.c.objc; path = CircleRefreshView.m; sourceTree = "<group>"; };
		185931821D34D8E700F948D4 /* DetailFooterView.h */ = {isa = PBXFileReference; fileEncoding = 4; lastKnownFileType = sourcecode.c.h; path = DetailFooterView.h; sourceTree = "<group>"; };
		185931831D34D8E700F948D4 /* DetailFooterView.m */ = {isa = PBXFileReference; fileEncoding = 4; lastKnownFileType = sourcecode.c.objc; path = DetailFooterView.m; sourceTree = "<group>"; };
		185931841D34D8E700F948D4 /* DetailHeaderView.h */ = {isa = PBXFileReference; fileEncoding = 4; lastKnownFileType = sourcecode.c.h; path = DetailHeaderView.h; sourceTree = "<group>"; };
		185931851D34D8E700F948D4 /* DetailHeaderView.m */ = {isa = PBXFileReference; fileEncoding = 4; lastKnownFileType = sourcecode.c.objc; path = DetailHeaderView.m; sourceTree = "<group>"; };
		185931AC1D34DC9700F948D4 /* ZHTest-Bridging-Header.h */ = {isa = PBXFileReference; fileEncoding = 4; lastKnownFileType = sourcecode.c.h; path = "ZHTest-Bridging-Header.h"; sourceTree = "<group>"; };
		185931B01D34DE4900F948D4 /* UIView+Extension.h */ = {isa = PBXFileReference; fileEncoding = 4; lastKnownFileType = sourcecode.c.h; path = "UIView+Extension.h"; sourceTree = "<group>"; };
		185931B11D34DE4900F948D4 /* UIView+Extension.m */ = {isa = PBXFileReference; fileEncoding = 4; lastKnownFileType = sourcecode.c.objc; path = "UIView+Extension.m"; sourceTree = "<group>"; };
		185931B41D34DE4900F948D4 /* Foundation+Extend.swift */ = {isa = PBXFileReference; fileEncoding = 4; lastKnownFileType = sourcecode.swift; path = "Foundation+Extend.swift"; sourceTree = "<group>"; };
		185931B61D34DE4900F948D4 /* AppException.swift */ = {isa = PBXFileReference; fileEncoding = 4; lastKnownFileType = sourcecode.swift; path = AppException.swift; sourceTree = "<group>"; };
		185931B71D34DE4900F948D4 /* NSURLSession+SynchronousTask.swift */ = {isa = PBXFileReference; fileEncoding = 4; lastKnownFileType = sourcecode.swift; path = "NSURLSession+SynchronousTask.swift"; sourceTree = "<group>"; };
		185931BA1D34DE4900F948D4 /* NavigationBarExtension.swift */ = {isa = PBXFileReference; fileEncoding = 4; lastKnownFileType = sourcecode.swift; path = NavigationBarExtension.swift; sourceTree = "<group>"; };
		185931BC1D34DE4900F948D4 /* ZFNetworkTool.swift */ = {isa = PBXFileReference; fileEncoding = 4; lastKnownFileType = sourcecode.swift; path = ZFNetworkTool.swift; sourceTree = "<group>"; };
		187349FC1D2F9FAC001A3E91 /* ZHTest.app */ = {isa = PBXFileReference; explicitFileType = wrapper.application; includeInIndex = 0; path = ZHTest.app; sourceTree = BUILT_PRODUCTS_DIR; };
		187349FF1D2F9FAC001A3E91 /* AppDelegate.swift */ = {isa = PBXFileReference; lastKnownFileType = sourcecode.swift; path = AppDelegate.swift; sourceTree = "<group>"; };
		18734A011D2F9FAC001A3E91 /* ViewController.swift */ = {isa = PBXFileReference; lastKnownFileType = sourcecode.swift; path = ViewController.swift; sourceTree = "<group>"; };
		18734A041D2F9FAC001A3E91 /* Base */ = {isa = PBXFileReference; lastKnownFileType = file.storyboard; name = Base; path = Base.lproj/Main.storyboard; sourceTree = "<group>"; };
		18734A061D2F9FAC001A3E91 /* Assets.xcassets */ = {isa = PBXFileReference; lastKnownFileType = folder.assetcatalog; path = Assets.xcassets; sourceTree = "<group>"; };
		18734A091D2F9FAC001A3E91 /* Base */ = {isa = PBXFileReference; lastKnownFileType = file.storyboard; name = Base; path = Base.lproj/LaunchScreen.storyboard; sourceTree = "<group>"; };
		18734A0B1D2F9FAC001A3E91 /* Info.plist */ = {isa = PBXFileReference; lastKnownFileType = text.plist.xml; path = Info.plist; sourceTree = "<group>"; };
		18734A101D2F9FAC001A3E91 /* ZHTestTests.xctest */ = {isa = PBXFileReference; explicitFileType = wrapper.cfbundle; includeInIndex = 0; path = ZHTestTests.xctest; sourceTree = BUILT_PRODUCTS_DIR; };
		18734A141D2F9FAC001A3E91 /* ZHTestTests.swift */ = {isa = PBXFileReference; lastKnownFileType = sourcecode.swift; path = ZHTestTests.swift; sourceTree = "<group>"; };
		18734A161D2F9FAC001A3E91 /* Info.plist */ = {isa = PBXFileReference; lastKnownFileType = text.plist.xml; path = Info.plist; sourceTree = "<group>"; };
		18734A1B1D2F9FAC001A3E91 /* ZHTestUITests.xctest */ = {isa = PBXFileReference; explicitFileType = wrapper.cfbundle; includeInIndex = 0; path = ZHTestUITests.xctest; sourceTree = BUILT_PRODUCTS_DIR; };
		18734A1F1D2F9FAC001A3E91 /* ZHTestUITests.swift */ = {isa = PBXFileReference; lastKnownFileType = sourcecode.swift; path = ZHTestUITests.swift; sourceTree = "<group>"; };
		18734A211D2F9FAC001A3E91 /* Info.plist */ = {isa = PBXFileReference; lastKnownFileType = text.plist.xml; path = Info.plist; sourceTree = "<group>"; };
		1883B8CA1D33720800380D09 /* ZFBaseNavigationController.swift */ = {isa = PBXFileReference; fileEncoding = 4; lastKnownFileType = sourcecode.swift; path = ZFBaseNavigationController.swift; sourceTree = "<group>"; };
		1883B8CC1D33722600380D09 /* ZFBaseViewController.swift */ = {isa = PBXFileReference; fileEncoding = 4; lastKnownFileType = sourcecode.swift; path = ZFBaseViewController.swift; sourceTree = "<group>"; };
		1883B8D01D33733500380D09 /* ZFAPIConfig.swift */ = {isa = PBXFileReference; fileEncoding = 4; lastKnownFileType = sourcecode.swift; path = ZFAPIConfig.swift; sourceTree = "<group>"; };
		1883B8D11D33733500380D09 /* ZFAppConfig.swift */ = {isa = PBXFileReference; fileEncoding = 4; lastKnownFileType = sourcecode.swift; path = ZFAppConfig.swift; sourceTree = "<group>"; };
		1883B8D21D33733500380D09 /* ZFThemeConfig.swift */ = {isa = PBXFileReference; fileEncoding = 4; lastKnownFileType = sourcecode.swift; path = ZFThemeConfig.swift; sourceTree = "<group>"; };
		9217FF6E163C31804BB4D1E2 /* Pods.framework */ = {isa = PBXFileReference; explicitFileType = wrapper.framework; includeInIndex = 0; path = Pods.framework; sourceTree = BUILT_PRODUCTS_DIR; };
		B43A501786100CB330C63D3D /* Pods.release.xcconfig */ = {isa = PBXFileReference; includeInIndex = 1; lastKnownFileType = text.xcconfig; name = Pods.release.xcconfig; path = "Pods/Target Support Files/Pods/Pods.release.xcconfig"; sourceTree = "<group>"; };
		DD9A6A2231F177B4CB4F69B1 /* Pods.debug.xcconfig */ = {isa = PBXFileReference; includeInIndex = 1; lastKnownFileType = text.xcconfig; name = Pods.debug.xcconfig; path = "Pods/Target Support Files/Pods/Pods.debug.xcconfig"; sourceTree = "<group>"; };
/* End PBXFileReference section */

/* Begin PBXFrameworksBuildPhase section */
		187349F91D2F9FAC001A3E91 /* Frameworks */ = {
			isa = PBXFrameworksBuildPhase;
			buildActionMask = 2147483647;
			files = (
				C282A1156106EF7838FE8015 /* Pods.framework in Frameworks */,
			);
			runOnlyForDeploymentPostprocessing = 0;
		};
		18734A0D1D2F9FAC001A3E91 /* Frameworks */ = {
			isa = PBXFrameworksBuildPhase;
			buildActionMask = 2147483647;
			files = (
			);
			runOnlyForDeploymentPostprocessing = 0;
		};
		18734A181D2F9FAC001A3E91 /* Frameworks */ = {
			isa = PBXFrameworksBuildPhase;
			buildActionMask = 2147483647;
			files = (
			);
			runOnlyForDeploymentPostprocessing = 0;
		};
/* End PBXFrameworksBuildPhase section */

/* Begin PBXGroup section */
		1859312E1D34D8E700F948D4 /* Lib */ = {
			isa = PBXGroup;
			children = (
				1859312F1D34D8E700F948D4 /* CyclePictureView */,
				185931331D34D8E700F948D4 /* DKNightVersion */,
				185931691D34D8E700F948D4 /* GradientView */,
				1859316C1D34D8E700F948D4 /* ImageTextButton */,
				1859316F1D34D8E700F948D4 /* JSAnimatedImagesView */,
				185931721D34D8E700F948D4 /* MMDrawerController */,
				1859317C1D34D8E700F948D4 /* MSWeakTimer */,
				1859317F1D34D8E700F948D4 /* WBRefresh */,
			);
			path = Lib;
			sourceTree = "<group>";
		};
		1859312F1D34D8E700F948D4 /* CyclePictureView */ = {
			isa = PBXGroup;
			children = (
				185931301D34D8E700F948D4 /* AuxiliaryModels.swift */,
				185931311D34D8E700F948D4 /* CyclePictureCell.swift */,
				185931321D34D8E700F948D4 /* CyclePictureView.swift */,
			);
			path = CyclePictureView;
			sourceTree = "<group>";
		};
		185931331D34D8E700F948D4 /* DKNightVersion */ = {
			isa = PBXGroup;
			children = (
				185931341D34D8E700F948D4 /* Core */,
				1859313F1D34D8E700F948D4 /* CoreAnimation */,
				185931421D34D8E700F948D4 /* DKNightVersion.h */,
				185931431D34D8E700F948D4 /* Manual */,
				1859314A1D34D8E700F948D4 /* UIKit */,
			);
			path = DKNightVersion;
			sourceTree = "<group>";
		};
		185931341D34D8E700F948D4 /* Core */ = {
			isa = PBXGroup;
			children = (
				185931351D34D8E700F948D4 /* DKColor.h */,
				185931361D34D8E700F948D4 /* DKColor.m */,
				185931371D34D8E700F948D4 /* DKColorTable.h */,
				185931381D34D8E700F948D4 /* DKColorTable.m */,
				185931391D34D8E700F948D4 /* DKImage.h */,
				1859313A1D34D8E700F948D4 /* DKImage.m */,
				1859313B1D34D8E700F948D4 /* DKNightVersionManager.h */,
				1859313C1D34D8E700F948D4 /* DKNightVersionManager.m */,
				1859313D1D34D8E700F948D4 /* NSObject+Night.h */,
				1859313E1D34D8E700F948D4 /* NSObject+Night.m */,
			);
			path = Core;
			sourceTree = "<group>";
		};
		1859313F1D34D8E700F948D4 /* CoreAnimation */ = {
			isa = PBXGroup;
			children = (
				185931401D34D8E700F948D4 /* CALayer+Night.h */,
				185931411D34D8E700F948D4 /* CALayer+Night.m */,
			);
			path = CoreAnimation;
			sourceTree = "<group>";
		};
		185931431D34D8E700F948D4 /* Manual */ = {
			isa = PBXGroup;
			children = (
				185931441D34D8E700F948D4 /* UIButton+Night.h */,
				185931451D34D8E700F948D4 /* UIButton+Night.m */,
				185931461D34D8E700F948D4 /* UIImageView+Night.h */,
				185931471D34D8E700F948D4 /* UIImageView+Night.m */,
				185931481D34D8E700F948D4 /* UINavigationBar+Animation.h */,
				185931491D34D8E700F948D4 /* UINavigationBar+Animation.m */,
			);
			path = Manual;
			sourceTree = "<group>";
		};
		1859314A1D34D8E700F948D4 /* UIKit */ = {
			isa = PBXGroup;
			children = (
				1859314B1D34D8E700F948D4 /* UIBarButtonItem+Night.h */,
				1859314C1D34D8E700F948D4 /* UIBarButtonItem+Night.m */,
				1859314D1D34D8E700F948D4 /* UIControl+Night.h */,
				1859314E1D34D8E700F948D4 /* UIControl+Night.m */,
				1859314F1D34D8E700F948D4 /* UILabel+Night.h */,
				185931501D34D8E700F948D4 /* UILabel+Night.m */,
				185931511D34D8E700F948D4 /* UINavigationBar+Night.h */,
				185931521D34D8E700F948D4 /* UINavigationBar+Night.m */,
				185931531D34D8E700F948D4 /* UIPageControl+Night.h */,
				185931541D34D8E700F948D4 /* UIPageControl+Night.m */,
				185931551D34D8E700F948D4 /* UIProgressView+Night.h */,
				185931561D34D8E700F948D4 /* UIProgressView+Night.m */,
				185931571D34D8E700F948D4 /* UISearchBar+Night.h */,
				185931581D34D8E700F948D4 /* UISearchBar+Night.m */,
				185931591D34D8E700F948D4 /* UISlider+Night.h */,
				1859315A1D34D8E700F948D4 /* UISlider+Night.m */,
				1859315B1D34D8E700F948D4 /* UISwitch+Night.h */,
				1859315C1D34D8E700F948D4 /* UISwitch+Night.m */,
				1859315D1D34D8E700F948D4 /* UITabBar+Night.h */,
				1859315E1D34D8E700F948D4 /* UITabBar+Night.m */,
				1859315F1D34D8E700F948D4 /* UITableView+Night.h */,
				185931601D34D8E700F948D4 /* UITableView+Night.m */,
				185931611D34D8E700F948D4 /* UITextField+Night.h */,
				185931621D34D8E700F948D4 /* UITextField+Night.m */,
				185931631D34D8E700F948D4 /* UITextView+Night.h */,
				185931641D34D8E700F948D4 /* UITextView+Night.m */,
				185931651D34D8E700F948D4 /* UIToolBar+Night.h */,
				185931661D34D8E700F948D4 /* UIToolBar+Night.m */,
				185931671D34D8E700F948D4 /* UIView+Night.h */,
				185931681D34D8E700F948D4 /* UIView+Night.m */,
			);
			path = UIKit;
			sourceTree = "<group>";
		};
		185931691D34D8E700F948D4 /* GradientView */ = {
			isa = PBXGroup;
			children = (
				1859316A1D34D8E700F948D4 /* GradientView.h */,
				1859316B1D34D8E700F948D4 /* GradientView.m */,
			);
			path = GradientView;
			sourceTree = "<group>";
		};
		1859316C1D34D8E700F948D4 /* ImageTextButton */ = {
			isa = PBXGroup;
			children = (
				1859316D1D34D8E700F948D4 /* ImageTextButton.h */,
				1859316E1D34D8E700F948D4 /* ImageTextButton.m */,
			);
			path = ImageTextButton;
			sourceTree = "<group>";
		};
		1859316F1D34D8E700F948D4 /* JSAnimatedImagesView */ = {
			isa = PBXGroup;
			children = (
				185931701D34D8E700F948D4 /* JSAnimatedImagesView.h */,
				185931711D34D8E700F948D4 /* JSAnimatedImagesView.m */,
			);
			path = JSAnimatedImagesView;
			sourceTree = "<group>";
		};
		185931721D34D8E700F948D4 /* MMDrawerController */ = {
			isa = PBXGroup;
			children = (
				185931731D34D8E700F948D4 /* MMDrawerBarButtonItem.h */,
				185931741D34D8E700F948D4 /* MMDrawerBarButtonItem.m */,
				185931751D34D8E700F948D4 /* MMDrawerController+Subclass.h */,
				185931761D34D8E700F948D4 /* MMDrawerController.h */,
				185931771D34D8E700F948D4 /* MMDrawerController.m */,
				185931781D34D8E700F948D4 /* MMDrawerVisualState.h */,
				185931791D34D8E700F948D4 /* MMDrawerVisualState.m */,
				1859317A1D34D8E700F948D4 /* UIViewController+MMDrawerController.h */,
				1859317B1D34D8E700F948D4 /* UIViewController+MMDrawerController.m */,
			);
			path = MMDrawerController;
			sourceTree = "<group>";
		};
		1859317C1D34D8E700F948D4 /* MSWeakTimer */ = {
			isa = PBXGroup;
			children = (
				1859317D1D34D8E700F948D4 /* MSWeakTimer.h */,
				1859317E1D34D8E700F948D4 /* MSWeakTimer.m */,
			);
			path = MSWeakTimer;
			sourceTree = "<group>";
		};
		1859317F1D34D8E700F948D4 /* WBRefresh */ = {
			isa = PBXGroup;
			children = (
				185931801D34D8E700F948D4 /* CircleRefreshView.h */,
				185931811D34D8E700F948D4 /* CircleRefreshView.m */,
				185931821D34D8E700F948D4 /* DetailFooterView.h */,
				185931831D34D8E700F948D4 /* DetailFooterView.m */,
				185931841D34D8E700F948D4 /* DetailHeaderView.h */,
				185931851D34D8E700F948D4 /* DetailHeaderView.m */,
			);
			path = WBRefresh;
			sourceTree = "<group>";
		};
		185931AD1D34DE4900F948D4 /* Extension */ = {
			isa = PBXGroup;
			children = (
				185931AE1D34DE4900F948D4 /* OCExtension */,
				185931B21D34DE4900F948D4 /* SwiftExtension */,
			);
			path = Extension;
			sourceTree = "<group>";
		};
		185931AE1D34DE4900F948D4 /* OCExtension */ = {
			isa = PBXGroup;
			children = (
				185931AF1D34DE4900F948D4 /* UIView */,
			);
			path = OCExtension;
			sourceTree = "<group>";
		};
		185931AF1D34DE4900F948D4 /* UIView */ = {
			isa = PBXGroup;
			children = (
				185931B01D34DE4900F948D4 /* UIView+Extension.h */,
				185931B11D34DE4900F948D4 /* UIView+Extension.m */,
			);
			path = UIView;
			sourceTree = "<group>";
		};
		185931B21D34DE4900F948D4 /* SwiftExtension */ = {
			isa = PBXGroup;
			children = (
				185931B31D34DE4900F948D4 /* Foundation */,
				185931B81D34DE4900F948D4 /* UIKit */,
			);
			path = SwiftExtension;
			sourceTree = "<group>";
		};
		185931B31D34DE4900F948D4 /* Foundation */ = {
			isa = PBXGroup;
			children = (
				185931B41D34DE4900F948D4 /* Foundation+Extend.swift */,
				185931B51D34DE4900F948D4 /* NSURLSession */,
			);
			path = Foundation;
			sourceTree = "<group>";
		};
		185931B51D34DE4900F948D4 /* NSURLSession */ = {
			isa = PBXGroup;
			children = (
				185931B61D34DE4900F948D4 /* AppException.swift */,
				185931B71D34DE4900F948D4 /* NSURLSession+SynchronousTask.swift */,
			);
			path = NSURLSession;
			sourceTree = "<group>";
		};
		185931B81D34DE4900F948D4 /* UIKit */ = {
			isa = PBXGroup;
			children = (
				185931B91D34DE4900F948D4 /* UINaVigationBar */,
			);
			path = UIKit;
			sourceTree = "<group>";
		};
		185931B91D34DE4900F948D4 /* UINaVigationBar */ = {
			isa = PBXGroup;
			children = (
				185931BA1D34DE4900F948D4 /* NavigationBarExtension.swift */,
			);
			path = UINaVigationBar;
			sourceTree = "<group>";
		};
		185931BB1D34DE4900F948D4 /* NetWork */ = {
			isa = PBXGroup;
			children = (
				185931BC1D34DE4900F948D4 /* ZFNetworkTool.swift */,
			);
			path = NetWork;
			sourceTree = "<group>";
		};
		187349F31D2F9FAB001A3E91 = {
			isa = PBXGroup;
			children = (
				187349FE1D2F9FAC001A3E91 /* ZHTest */,
				18734A131D2F9FAC001A3E91 /* ZHTestTests */,
				18734A1E1D2F9FAC001A3E91 /* ZHTestUITests */,
				187349FD1D2F9FAC001A3E91 /* Products */,
				B5FAAB83A66988EA8060ADED /* Pods */,
				F0EBE3E04E80BEC08AEC699D /* Frameworks */,
			);
			sourceTree = "<group>";
		};
		187349FD1D2F9FAC001A3E91 /* Products */ = {
			isa = PBXGroup;
			children = (
				187349FC1D2F9FAC001A3E91 /* ZHTest.app */,
				18734A101D2F9FAC001A3E91 /* ZHTestTests.xctest */,
				18734A1B1D2F9FAC001A3E91 /* ZHTestUITests.xctest */,
			);
			name = Products;
			sourceTree = "<group>";
		};
		187349FE1D2F9FAC001A3E91 /* ZHTest */ = {
			isa = PBXGroup;
			children = (
				187349FF1D2F9FAC001A3E91 /* AppDelegate.swift */,
				18734A011D2F9FAC001A3E91 /* ViewController.swift */,
				185931AC1D34DC9700F948D4 /* ZHTest-Bridging-Header.h */,
				1859312E1D34D8E700F948D4 /* Lib */,
				1883B8CE1D33733500380D09 /* Other */,
				1883B8C61D3371C900380D09 /* Base */,
				1883B8C81D3371C900380D09 /* Launch */,
				18734A031D2F9FAC001A3E91 /* Main.storyboard */,
				18734A061D2F9FAC001A3E91 /* Assets.xcassets */,
				18734A081D2F9FAC001A3E91 /* LaunchScreen.storyboard */,
				18734A0B1D2F9FAC001A3E91 /* Info.plist */,
			);
			path = ZHTest;
			sourceTree = "<group>";
		};
		18734A131D2F9FAC001A3E91 /* ZHTestTests */ = {
			isa = PBXGroup;
			children = (
				18734A141D2F9FAC001A3E91 /* ZHTestTests.swift */,
				18734A161D2F9FAC001A3E91 /* Info.plist */,
			);
			path = ZHTestTests;
			sourceTree = "<group>";
		};
		18734A1E1D2F9FAC001A3E91 /* ZHTestUITests */ = {
			isa = PBXGroup;
			children = (
				18734A1F1D2F9FAC001A3E91 /* ZHTestUITests.swift */,
				18734A211D2F9FAC001A3E91 /* Info.plist */,
			);
			path = ZHTestUITests;
			sourceTree = "<group>";
		};
		1883B8C61D3371C900380D09 /* Base */ = {
			isa = PBXGroup;
			children = (
				1883B8C71D3371C900380D09 /* Controller */,
			);
			path = Base;
			sourceTree = "<group>";
		};
		1883B8C71D3371C900380D09 /* Controller */ = {
			isa = PBXGroup;
			children = (
				1883B8CA1D33720800380D09 /* ZFBaseNavigationController.swift */,
				1883B8CC1D33722600380D09 /* ZFBaseViewController.swift */,
			);
			path = Controller;
			sourceTree = "<group>";
		};
		1883B8C81D3371C900380D09 /* Launch */ = {
			isa = PBXGroup;
			children = (
				1883B8C91D3371C900380D09 /* Controller */,
			);
			path = Launch;
			sourceTree = "<group>";
		};
		1883B8C91D3371C900380D09 /* Controller */ = {
			isa = PBXGroup;
			children = (
			);
			path = Controller;
			sourceTree = "<group>";
		};
		1883B8CE1D33733500380D09 /* Other */ = {
			isa = PBXGroup;
			children = (
				185931AD1D34DE4900F948D4 /* Extension */,
				185931BB1D34DE4900F948D4 /* NetWork */,
				1883B8CF1D33733500380D09 /* Config */,
			);
			path = Other;
			sourceTree = "<group>";
		};
		1883B8CF1D33733500380D09 /* Config */ = {
			isa = PBXGroup;
			children = (
				1883B8D01D33733500380D09 /* ZFAPIConfig.swift */,
				1883B8D11D33733500380D09 /* ZFAppConfig.swift */,
				1883B8D21D33733500380D09 /* ZFThemeConfig.swift */,
			);
			path = Config;
			sourceTree = "<group>";
		};
		B5FAAB83A66988EA8060ADED /* Pods */ = {
			isa = PBXGroup;
			children = (
				DD9A6A2231F177B4CB4F69B1 /* Pods.debug.xcconfig */,
				B43A501786100CB330C63D3D /* Pods.release.xcconfig */,
			);
			name = Pods;
			sourceTree = "<group>";
		};
		F0EBE3E04E80BEC08AEC699D /* Frameworks */ = {
			isa = PBXGroup;
			children = (
				9217FF6E163C31804BB4D1E2 /* Pods.framework */,
			);
			name = Frameworks;
			sourceTree = "<group>";
		};
/* End PBXGroup section */

/* Begin PBXNativeTarget section */
		187349FB1D2F9FAC001A3E91 /* ZHTest */ = {
			isa = PBXNativeTarget;
			buildConfigurationList = 18734A241D2F9FAC001A3E91 /* Build configuration list for PBXNativeTarget "ZHTest" */;
			buildPhases = (
				C49EAEA41E8736FA20DAF528 /* Check Pods Manifest.lock */,
				187349F81D2F9FAC001A3E91 /* Sources */,
				187349F91D2F9FAC001A3E91 /* Frameworks */,
				187349FA1D2F9FAC001A3E91 /* Resources */,
				C9491AA7B9B6C1E209F46B7C /* Embed Pods Frameworks */,
				B8766385BF0E257F6E52F2F3 /* Copy Pods Resources */,
			);
			buildRules = (
			);
			dependencies = (
			);
			name = ZHTest;
			productName = ZHTest;
			productReference = 187349FC1D2F9FAC001A3E91 /* ZHTest.app */;
			productType = "com.apple.product-type.application";
		};
		18734A0F1D2F9FAC001A3E91 /* ZHTestTests */ = {
			isa = PBXNativeTarget;
			buildConfigurationList = 18734A271D2F9FAC001A3E91 /* Build configuration list for PBXNativeTarget "ZHTestTests" */;
			buildPhases = (
				18734A0C1D2F9FAC001A3E91 /* Sources */,
				18734A0D1D2F9FAC001A3E91 /* Frameworks */,
				18734A0E1D2F9FAC001A3E91 /* Resources */,
			);
			buildRules = (
			);
			dependencies = (
				18734A121D2F9FAC001A3E91 /* PBXTargetDependency */,
			);
			name = ZHTestTests;
			productName = ZHTestTests;
			productReference = 18734A101D2F9FAC001A3E91 /* ZHTestTests.xctest */;
			productType = "com.apple.product-type.bundle.unit-test";
		};
		18734A1A1D2F9FAC001A3E91 /* ZHTestUITests */ = {
			isa = PBXNativeTarget;
			buildConfigurationList = 18734A2A1D2F9FAC001A3E91 /* Build configuration list for PBXNativeTarget "ZHTestUITests" */;
			buildPhases = (
				18734A171D2F9FAC001A3E91 /* Sources */,
				18734A181D2F9FAC001A3E91 /* Frameworks */,
				18734A191D2F9FAC001A3E91 /* Resources */,
			);
			buildRules = (
			);
			dependencies = (
				18734A1D1D2F9FAC001A3E91 /* PBXTargetDependency */,
			);
			name = ZHTestUITests;
			productName = ZHTestUITests;
			productReference = 18734A1B1D2F9FAC001A3E91 /* ZHTestUITests.xctest */;
			productType = "com.apple.product-type.bundle.ui-testing";
		};
/* End PBXNativeTarget section */

/* Begin PBXProject section */
		187349F41D2F9FAB001A3E91 /* Project object */ = {
			isa = PBXProject;
			attributes = {
				LastSwiftUpdateCheck = 0730;
				LastUpgradeCheck = 0730;
				ORGANIZATIONNAME = QZ;
				TargetAttributes = {
					187349FB1D2F9FAC001A3E91 = {
						CreatedOnToolsVersion = 7.3;
					};
					18734A0F1D2F9FAC001A3E91 = {
						CreatedOnToolsVersion = 7.3;
						TestTargetID = 187349FB1D2F9FAC001A3E91;
					};
					18734A1A1D2F9FAC001A3E91 = {
						CreatedOnToolsVersion = 7.3;
						TestTargetID = 187349FB1D2F9FAC001A3E91;
					};
				};
			};
			buildConfigurationList = 187349F71D2F9FAB001A3E91 /* Build configuration list for PBXProject "ZHTest" */;
			compatibilityVersion = "Xcode 3.2";
			developmentRegion = English;
			hasScannedForEncodings = 0;
			knownRegions = (
				en,
				Base,
			);
			mainGroup = 187349F31D2F9FAB001A3E91;
			productRefGroup = 187349FD1D2F9FAC001A3E91 /* Products */;
			projectDirPath = "";
			projectRoot = "";
			targets = (
				187349FB1D2F9FAC001A3E91 /* ZHTest */,
				18734A0F1D2F9FAC001A3E91 /* ZHTestTests */,
				18734A1A1D2F9FAC001A3E91 /* ZHTestUITests */,
			);
		};
/* End PBXProject section */

/* Begin PBXResourcesBuildPhase section */
		187349FA1D2F9FAC001A3E91 /* Resources */ = {
			isa = PBXResourcesBuildPhase;
			buildActionMask = 2147483647;
			files = (
				18734A0A1D2F9FAC001A3E91 /* LaunchScreen.storyboard in Resources */,
				18734A071D2F9FAC001A3E91 /* Assets.xcassets in Resources */,
				18734A051D2F9FAC001A3E91 /* Main.storyboard in Resources */,
			);
			runOnlyForDeploymentPostprocessing = 0;
		};
		18734A0E1D2F9FAC001A3E91 /* Resources */ = {
			isa = PBXResourcesBuildPhase;
			buildActionMask = 2147483647;
			files = (
			);
			runOnlyForDeploymentPostprocessing = 0;
		};
		18734A191D2F9FAC001A3E91 /* Resources */ = {
			isa = PBXResourcesBuildPhase;
			buildActionMask = 2147483647;
			files = (
			);
			runOnlyForDeploymentPostprocessing = 0;
		};
/* End PBXResourcesBuildPhase section */

/* Begin PBXShellScriptBuildPhase section */
		B8766385BF0E257F6E52F2F3 /* Copy Pods Resources */ = {
			isa = PBXShellScriptBuildPhase;
			buildActionMask = 2147483647;
			files = (
			);
			inputPaths = (
			);
			name = "Copy Pods Resources";
			outputPaths = (
			);
			runOnlyForDeploymentPostprocessing = 0;
			shellPath = /bin/sh;
			shellScript = "\"${SRCROOT}/Pods/Target Support Files/Pods/Pods-resources.sh\"\n";
			showEnvVarsInLog = 0;
		};
		C49EAEA41E8736FA20DAF528 /* Check Pods Manifest.lock */ = {
			isa = PBXShellScriptBuildPhase;
			buildActionMask = 2147483647;
			files = (
			);
			inputPaths = (
			);
			name = "Check Pods Manifest.lock";
			outputPaths = (
			);
			runOnlyForDeploymentPostprocessing = 0;
			shellPath = /bin/sh;
			shellScript = "diff \"${PODS_ROOT}/../Podfile.lock\" \"${PODS_ROOT}/Manifest.lock\" > /dev/null\nif [[ $? != 0 ]] ; then\n    cat << EOM\nerror: The sandbox is not in sync with the Podfile.lock. Run 'pod install' or update your CocoaPods installation.\nEOM\n    exit 1\nfi\n";
			showEnvVarsInLog = 0;
		};
		C9491AA7B9B6C1E209F46B7C /* Embed Pods Frameworks */ = {
			isa = PBXShellScriptBuildPhase;
			buildActionMask = 2147483647;
			files = (
			);
			inputPaths = (
			);
			name = "Embed Pods Frameworks";
			outputPaths = (
			);
			runOnlyForDeploymentPostprocessing = 0;
			shellPath = /bin/sh;
			shellScript = "\"${SRCROOT}/Pods/Target Support Files/Pods/Pods-frameworks.sh\"\n";
			showEnvVarsInLog = 0;
		};
/* End PBXShellScriptBuildPhase section */

/* Begin PBXSourcesBuildPhase section */
		187349F81D2F9FAC001A3E91 /* Sources */ = {
			isa = PBXSourcesBuildPhase;
			buildActionMask = 2147483647;
			files = (
				1859319B1D34D8E700F948D4 /* UITabBar+Night.m in Sources */,
				1859318E1D34D8E700F948D4 /* CALayer+Night.m in Sources */,
				18734A021D2F9FAC001A3E91 /* ViewController.swift in Sources */,
				1859318D1D34D8E700F948D4 /* NSObject+Night.m in Sources */,
				185931941D34D8E700F948D4 /* UILabel+Night.m in Sources */,
				185931A11D34D8E700F948D4 /* GradientView.m in Sources */,
				1859319A1D34D8E700F948D4 /* UISwitch+Night.m in Sources */,
				18734A001D2F9FAC001A3E91 /* AppDelegate.swift in Sources */,
				185931BE1D34DE4900F948D4 /* Foundation+Extend.swift in Sources */,
				185931A21D34D8E700F948D4 /* ImageTextButton.m in Sources */,
				1859318C1D34D8E700F948D4 /* DKNightVersionManager.m in Sources */,
				185931A31D34D8E700F948D4 /* JSAnimatedImagesView.m in Sources */,
				185931981D34D8E700F948D4 /* UISearchBar+Night.m in Sources */,
				185931BF1D34DE4900F948D4 /* AppException.swift in Sources */,
				1883B8CB1D33720800380D09 /* ZFBaseNavigationController.swift in Sources */,
				1859319D1D34D8E700F948D4 /* UITextField+Night.m in Sources */,
				185931C21D34DE4900F948D4 /* ZFNetworkTool.swift in Sources */,
				1859319F1D34D8E700F948D4 /* UIToolBar+Night.m in Sources */,
				185931871D34D8E700F948D4 /* CyclePictureCell.swift in Sources */,
				185931911D34D8E700F948D4 /* UINavigationBar+Animation.m in Sources */,
				1883B8D41D33733500380D09 /* ZFAppConfig.swift in Sources */,
				185931AB1D34D8E700F948D4 /* DetailHeaderView.m in Sources */,
				1859318F1D34D8E700F948D4 /* UIButton+Night.m in Sources */,
				185931861D34D8E700F948D4 /* AuxiliaryModels.swift in Sources */,
				185931A61D34D8E700F948D4 /* MMDrawerVisualState.m in Sources */,
				1859319E1D34D8E700F948D4 /* UITextView+Night.m in Sources */,
				185931881D34D8E700F948D4 /* CyclePictureView.swift in Sources */,
				185931951D34D8E700F948D4 /* UINavigationBar+Night.m in Sources */,
				185931891D34D8E700F948D4 /* DKColor.m in Sources */,
				185931921D34D8E700F948D4 /* UIBarButtonItem+Night.m in Sources */,
				1859318B1D34D8E700F948D4 /* DKImage.m in Sources */,
				185931961D34D8E700F948D4 /* UIPageControl+Night.m in Sources */,
				185931991D34D8E700F948D4 /* UISlider+Night.m in Sources */,
				185931A01D34D8E700F948D4 /* UIView+Night.m in Sources */,
				185931AA1D34D8E700F948D4 /* DetailFooterView.m in Sources */,
				1859319C1D34D8E700F948D4 /* UITableView+Night.m in Sources */,
				185931A81D34D8E700F948D4 /* MSWeakTimer.m in Sources */,
				185931931D34D8E700F948D4 /* UIControl+Night.m in Sources */,
				185931A51D34D8E700F948D4 /* MMDrawerController.m in Sources */,
				185931901D34D8E700F948D4 /* UIImageView+Night.m in Sources */,
				185931971D34D8E700F948D4 /* UIProgressView+Night.m in Sources */,
				185931A91D34D8E700F948D4 /* CircleRefreshView.m in Sources */,
				1883B8D51D33733500380D09 /* ZFThemeConfig.swift in Sources */,
				185931C01D34DE4900F948D4 /* NSURLSession+SynchronousTask.swift in Sources */,
				1883B8D31D33733500380D09 /* ZFAPIConfig.swift in Sources */,
				1883B8CD1D33722600380D09 /* ZFBaseViewController.swift in Sources */,
				185931BD1D34DE4900F948D4 /* UIView+Extension.m in Sources */,
				1859318A1D34D8E700F948D4 /* DKColorTable.m in Sources */,
				185931A41D34D8E700F948D4 /* MMDrawerBarButtonItem.m in Sources */,
				185931A71D34D8E700F948D4 /* UIViewController+MMDrawerController.m in Sources */,
				185931C11D34DE4900F948D4 /* NavigationBarExtension.swift in Sources */,
			);
			runOnlyForDeploymentPostprocessing = 0;
		};
		18734A0C1D2F9FAC001A3E91 /* Sources */ = {
			isa = PBXSourcesBuildPhase;
			buildActionMask = 2147483647;
			files = (
				18734A151D2F9FAC001A3E91 /* ZHTestTests.swift in Sources */,
			);
			runOnlyForDeploymentPostprocessing = 0;
		};
		18734A171D2F9FAC001A3E91 /* Sources */ = {
			isa = PBXSourcesBuildPhase;
			buildActionMask = 2147483647;
			files = (
				18734A201D2F9FAC001A3E91 /* ZHTestUITests.swift in Sources */,
			);
			runOnlyForDeploymentPostprocessing = 0;
		};
/* End PBXSourcesBuildPhase section */

/* Begin PBXTargetDependency section */
		18734A121D2F9FAC001A3E91 /* PBXTargetDependency */ = {
			isa = PBXTargetDependency;
			target = 187349FB1D2F9FAC001A3E91 /* ZHTest */;
			targetProxy = 18734A111D2F9FAC001A3E91 /* PBXContainerItemProxy */;
		};
		18734A1D1D2F9FAC001A3E91 /* PBXTargetDependency */ = {
			isa = PBXTargetDependency;
			target = 187349FB1D2F9FAC001A3E91 /* ZHTest */;
			targetProxy = 18734A1C1D2F9FAC001A3E91 /* PBXContainerItemProxy */;
		};
/* End PBXTargetDependency section */

/* Begin PBXVariantGroup section */
		18734A031D2F9FAC001A3E91 /* Main.storyboard */ = {
			isa = PBXVariantGroup;
			children = (
				18734A041D2F9FAC001A3E91 /* Base */,
			);
			name = Main.storyboard;
			sourceTree = "<group>";
		};
		18734A081D2F9FAC001A3E91 /* LaunchScreen.storyboard */ = {
			isa = PBXVariantGroup;
			children = (
				18734A091D2F9FAC001A3E91 /* Base */,
			);
			name = LaunchScreen.storyboard;
			sourceTree = "<group>";
		};
/* End PBXVariantGroup section */

/* Begin XCBuildConfiguration section */
		18734A221D2F9FAC001A3E91 /* Debug */ = {
			isa = XCBuildConfiguration;
			buildSettings = {
				ALWAYS_SEARCH_USER_PATHS = NO;
				CLANG_ANALYZER_NONNULL = YES;
				CLANG_CXX_LANGUAGE_STANDARD = "gnu++0x";
				CLANG_CXX_LIBRARY = "libc++";
				CLANG_ENABLE_MODULES = YES;
				CLANG_ENABLE_OBJC_ARC = YES;
				CLANG_WARN_BOOL_CONVERSION = YES;
				CLANG_WARN_CONSTANT_CONVERSION = YES;
				CLANG_WARN_DIRECT_OBJC_ISA_USAGE = YES_ERROR;
				CLANG_WARN_EMPTY_BODY = YES;
				CLANG_WARN_ENUM_CONVERSION = YES;
				CLANG_WARN_INT_CONVERSION = YES;
				CLANG_WARN_OBJC_ROOT_CLASS = YES_ERROR;
				CLANG_WARN_UNREACHABLE_CODE = YES;
				CLANG_WARN__DUPLICATE_METHOD_MATCH = YES;
				"CODE_SIGN_IDENTITY[sdk=iphoneos*]" = "iPhone Developer";
				COPY_PHASE_STRIP = NO;
				DEBUG_INFORMATION_FORMAT = dwarf;
				ENABLE_STRICT_OBJC_MSGSEND = YES;
				ENABLE_TESTABILITY = YES;
				GCC_C_LANGUAGE_STANDARD = gnu99;
				GCC_DYNAMIC_NO_PIC = NO;
				GCC_NO_COMMON_BLOCKS = YES;
				GCC_OPTIMIZATION_LEVEL = 0;
				GCC_PREPROCESSOR_DEFINITIONS = (
					"DEBUG=1",
					"$(inherited)",
				);
				GCC_WARN_64_TO_32_BIT_CONVERSION = YES;
				GCC_WARN_ABOUT_RETURN_TYPE = YES_ERROR;
				GCC_WARN_UNDECLARED_SELECTOR = YES;
				GCC_WARN_UNINITIALIZED_AUTOS = YES_AGGRESSIVE;
				GCC_WARN_UNUSED_FUNCTION = YES;
				GCC_WARN_UNUSED_VARIABLE = YES;
				IPHONEOS_DEPLOYMENT_TARGET = 9.3;
				MTL_ENABLE_DEBUG_INFO = YES;
				ONLY_ACTIVE_ARCH = YES;
				SDKROOT = iphoneos;
				SWIFT_OPTIMIZATION_LEVEL = "-Onone";
				TARGETED_DEVICE_FAMILY = "1,2";
			};
			name = Debug;
		};
		18734A231D2F9FAC001A3E91 /* Release */ = {
			isa = XCBuildConfiguration;
			buildSettings = {
				ALWAYS_SEARCH_USER_PATHS = NO;
				CLANG_ANALYZER_NONNULL = YES;
				CLANG_CXX_LANGUAGE_STANDARD = "gnu++0x";
				CLANG_CXX_LIBRARY = "libc++";
				CLANG_ENABLE_MODULES = YES;
				CLANG_ENABLE_OBJC_ARC = YES;
				CLANG_WARN_BOOL_CONVERSION = YES;
				CLANG_WARN_CONSTANT_CONVERSION = YES;
				CLANG_WARN_DIRECT_OBJC_ISA_USAGE = YES_ERROR;
				CLANG_WARN_EMPTY_BODY = YES;
				CLANG_WARN_ENUM_CONVERSION = YES;
				CLANG_WARN_INT_CONVERSION = YES;
				CLANG_WARN_OBJC_ROOT_CLASS = YES_ERROR;
				CLANG_WARN_UNREACHABLE_CODE = YES;
				CLANG_WARN__DUPLICATE_METHOD_MATCH = YES;
				"CODE_SIGN_IDENTITY[sdk=iphoneos*]" = "iPhone Developer";
				COPY_PHASE_STRIP = NO;
				DEBUG_INFORMATION_FORMAT = "dwarf-with-dsym";
				ENABLE_NS_ASSERTIONS = NO;
				ENABLE_STRICT_OBJC_MSGSEND = YES;
				GCC_C_LANGUAGE_STANDARD = gnu99;
				GCC_NO_COMMON_BLOCKS = YES;
				GCC_WARN_64_TO_32_BIT_CONVERSION = YES;
				GCC_WARN_ABOUT_RETURN_TYPE = YES_ERROR;
				GCC_WARN_UNDECLARED_SELECTOR = YES;
				GCC_WARN_UNINITIALIZED_AUTOS = YES_AGGRESSIVE;
				GCC_WARN_UNUSED_FUNCTION = YES;
				GCC_WARN_UNUSED_VARIABLE = YES;
				IPHONEOS_DEPLOYMENT_TARGET = 9.3;
				MTL_ENABLE_DEBUG_INFO = NO;
				SDKROOT = iphoneos;
				TARGETED_DEVICE_FAMILY = "1,2";
				VALIDATE_PRODUCT = YES;
			};
			name = Release;
		};
		18734A251D2F9FAC001A3E91 /* Debug */ = {
			isa = XCBuildConfiguration;
			baseConfigurationReference = DD9A6A2231F177B4CB4F69B1 /* Pods.debug.xcconfig */;
			buildSettings = {
				ASSETCATALOG_COMPILER_APPICON_NAME = AppIcon;
				INFOPLIST_FILE = ZHTest/Info.plist;
				IPHONEOS_DEPLOYMENT_TARGET = 8.0;
				LD_RUNPATH_SEARCH_PATHS = "$(inherited) @executable_path/Frameworks";
				PRODUCT_BUNDLE_IDENTIFIER = com.JiaCheng.ZHTest;
				PRODUCT_NAME = "$(TARGET_NAME)";
				SWIFT_OBJC_BRIDGING_HEADER = "ZHTest/ZHTest-Bridging-Header.h";
			};
			name = Debug;
		};
		18734A261D2F9FAC001A3E91 /* Release */ = {
			isa = XCBuildConfiguration;
			baseConfigurationReference = B43A501786100CB330C63D3D /* Pods.release.xcconfig */;
			buildSettings = {
				ASSETCATALOG_COMPILER_APPICON_NAME = AppIcon;
				INFOPLIST_FILE = ZHTest/Info.plist;
				IPHONEOS_DEPLOYMENT_TARGET = 8.0;
				LD_RUNPATH_SEARCH_PATHS = "$(inherited) @executable_path/Frameworks";
				PRODUCT_BUNDLE_IDENTIFIER = com.JiaCheng.ZHTest;
				PRODUCT_NAME = "$(TARGET_NAME)";
				SWIFT_OBJC_BRIDGING_HEADER = "ZHTest/ZHTest-Bridging-Header.h";
			};
			name = Release;
		};
		18734A281D2F9FAC001A3E91 /* Debug */ = {
			isa = XCBuildConfiguration;
			buildSettings = {
				BUNDLE_LOADER = "$(TEST_HOST)";
				INFOPLIST_FILE = ZHTestTests/Info.plist;
				LD_RUNPATH_SEARCH_PATHS = "$(inherited) @executable_path/Frameworks @loader_path/Frameworks";
				PRODUCT_BUNDLE_IDENTIFIER = com.JiaCheng.ZHTestTests;
				PRODUCT_NAME = "$(TARGET_NAME)";
				TEST_HOST = "$(BUILT_PRODUCTS_DIR)/ZHTest.app/ZHTest";
			};
			name = Debug;
		};
		18734A291D2F9FAC001A3E91 /* Release */ = {
			isa = XCBuildConfiguration;
			buildSettings = {
				BUNDLE_LOADER = "$(TEST_HOST)";
				INFOPLIST_FILE = ZHTestTests/Info.plist;
				LD_RUNPATH_SEARCH_PATHS = "$(inherited) @executable_path/Frameworks @loader_path/Frameworks";
				PRODUCT_BUNDLE_IDENTIFIER = com.JiaCheng.ZHTestTests;
				PRODUCT_NAME = "$(TARGET_NAME)";
				TEST_HOST = "$(BUILT_PRODUCTS_DIR)/ZHTest.app/ZHTest";
			};
			name = Release;
		};
		18734A2B1D2F9FAC001A3E91 /* Debug */ = {
			isa = XCBuildConfiguration;
			buildSettings = {
				INFOPLIST_FILE = ZHTestUITests/Info.plist;
				LD_RUNPATH_SEARCH_PATHS = "$(inherited) @executable_path/Frameworks @loader_path/Frameworks";
				PRODUCT_BUNDLE_IDENTIFIER = com.JiaCheng.ZHTestUITests;
				PRODUCT_NAME = "$(TARGET_NAME)";
				TEST_TARGET_NAME = ZHTest;
			};
			name = Debug;
		};
		18734A2C1D2F9FAC001A3E91 /* Release */ = {
			isa = XCBuildConfiguration;
			buildSettings = {
				INFOPLIST_FILE = ZHTestUITests/Info.plist;
				LD_RUNPATH_SEARCH_PATHS = "$(inherited) @executable_path/Frameworks @loader_path/Frameworks";
				PRODUCT_BUNDLE_IDENTIFIER = com.JiaCheng.ZHTestUITests;
				PRODUCT_NAME = "$(TARGET_NAME)";
				TEST_TARGET_NAME = ZHTest;
			};
			name = Release;
		};
/* End XCBuildConfiguration section */

/* Begin XCConfigurationList section */
		187349F71D2F9FAB001A3E91 /* Build configuration list for PBXProject "ZHTest" */ = {
			isa = XCConfigurationList;
			buildConfigurations = (
				18734A221D2F9FAC001A3E91 /* Debug */,
				18734A231D2F9FAC001A3E91 /* Release */,
			);
			defaultConfigurationIsVisible = 0;
			defaultConfigurationName = Release;
		};
		18734A241D2F9FAC001A3E91 /* Build configuration list for PBXNativeTarget "ZHTest" */ = {
			isa = XCConfigurationList;
			buildConfigurations = (
				18734A251D2F9FAC001A3E91 /* Debug */,
				18734A261D2F9FAC001A3E91 /* Release */,
			);
			defaultConfigurationIsVisible = 0;
			defaultConfigurationName = Release;
		};
		18734A271D2F9FAC001A3E91 /* Build configuration list for PBXNativeTarget "ZHTestTests" */ = {
			isa = XCConfigurationList;
			buildConfigurations = (
				18734A281D2F9FAC001A3E91 /* Debug */,
				18734A291D2F9FAC001A3E91 /* Release */,
			);
			defaultConfigurationIsVisible = 0;
			defaultConfigurationName = Release;
		};
		18734A2A1D2F9FAC001A3E91 /* Build configuration list for PBXNativeTarget "ZHTestUITests" */ = {
			isa = XCConfigurationList;
			buildConfigurations = (
				18734A2B1D2F9FAC001A3E91 /* Debug */,
				18734A2C1D2F9FAC001A3E91 /* Release */,
			);
			defaultConfigurationIsVisible = 0;
			defaultConfigurationName = Release;
		};
/* End XCConfigurationList section */
	};
	rootObject = 187349F41D2F9FAB001A3E91 /* Project object */;
}
